
Microsoft Visual Studio Solution File, Format Version 12.00
# Visual Studio Version 17
VisualStudioVersion = 17.0.32112.339
MinimumVisualStudioVersion = 10.0.40219.1
Project("{FAE04EC0-301F-11D3-BF4B-00C04F79EFBC}") = "ExercicioAula142", "ExercicioAula142\ExercicioAula142.csproj", "{22C150EE-C74A-4BE7-84A3-7771E973632C}"
EndProject
Global
	GlobalSection(SolutionConfigurationPlatforms) = preSolution
		Debug|Any CPU = Debug|Any CPU
		Release|Any CPU = Release|Any CPU
	EndGlobalSection
	GlobalSection(ProjectConfigurationPlatforms) = postSolution
		{22C150EE-C74A-4BE7-84A3-7771E973632C}.Debug|Any CPU.ActiveCfg = Debug|Any CPU
		{22C150EE-C74A-4BE7-84A3-7771E973632C}.Debug|Any CPU.Build.0 = Debug|Any CPU
		{22C150EE-C74A-4BE7-84A3-7771E973632C}.Release|Any CPU.ActiveCfg = Release|Any CPU
		{22C150EE-C74A-4BE7-84A3-7771E973632C}.Release|Any CPU.Build.0 = Release|Any CPU
	EndGlobalSection
	GlobalSection(SolutionProperties) = preSolution
		HideSolutionNode = FALSE
	EndGlobalSection
	GlobalSection(ExtensibilityGlobals) = postSolution
		SolutionGuid = {5031E356-BFB4-4DD7-B648-B52D4965A7CC}
	EndGlobalSection
EndGlobal
